<?xml version="1.0" encoding="utf-8"?>
<Project ToolsVersion="4.0" xmlns="http://schemas.microsoft.com/developer/msbuild/2003">
  <ItemGroup>
    <ClCompile Include="jenova.cpp" />
    <ClCompile Include="script_compiler.cpp">
      <Filter>Implementation\Engine</Filter>
    </ClCompile>
    <ClCompile Include="script_instance.cpp">
      <Filter>Implementation\Engine</Filter>
    </ClCompile>
    <ClCompile Include="script_instance_base.cpp">
      <Filter>Implementation\Engine</Filter>
    </ClCompile>
    <ClCompile Include="script_interpreter.cpp">
      <Filter>Implementation\Engine</Filter>
    </ClCompile>
    <ClCompile Include="script_language.cpp">
      <Filter>Implementation\Engine</Filter>
    </ClCompile>
    <ClCompile Include="script_manager.cpp">
      <Filter>Implementation\Engine</Filter>
    </ClCompile>
    <ClCompile Include="script_object.cpp">
      <Filter>Implementation\Engine</Filter>
    </ClCompile>
    <ClCompile Include="script_resource.cpp">
      <Filter>Implementation\Engine</Filter>
    </ClCompile>
    <ClCompile Include="tiny_profiler.cpp">
      <Filter>Implementation\Utilities</Filter>
    </ClCompile>
    <ClCompile Include="jenovaSDK.cpp">
      <Filter>Implementation\SDK</Filter>
    </ClCompile>
    <ClCompile Include="asset_monitor.cpp">
      <Filter>Implementation\Utilities</Filter>
    </ClCompile>
    <ClCompile Include="script_templates.cpp">
      <Filter>Implementation\Engine</Filter>
    </ClCompile>
    <ClCompile Include="package_manager.cpp">
      <Filter>Implementation\Utilities</Filter>
    </ClCompile>
  </ItemGroup>
  <ItemGroup>
    <Filter Include="Implementation">
      <UniqueIdentifier>{b60540e3-4a20-4dc2-bb38-7e5d4cb2b657}</UniqueIdentifier>
    </Filter>
    <Filter Include="Resources">
      <UniqueIdentifier>{93b07def-781b-47eb-837c-0d403d2567f9}</UniqueIdentifier>
    </Filter>
    <Filter Include="Implementation\Engine">
      <UniqueIdentifier>{84fa0f04-3783-4208-be24-eaa1f69f68c3}</UniqueIdentifier>
    </Filter>
    <Filter Include="Implementation\Utilities">
      <UniqueIdentifier>{9978979a-25ce-44f5-ab70-bebce0c53e75}</UniqueIdentifier>
    </Filter>
    <Filter Include="Implementation\SDK">
      <UniqueIdentifier>{2076148d-274f-42d3-9c28-084fff7bb26d}</UniqueIdentifier>
    </Filter>
    <Filter Include="Misc">
      <UniqueIdentifier>{5a5b3670-1e7b-4168-9275-0726cfa49e0e}</UniqueIdentifier>
    </Filter>
    <Filter Include="Resources\Storage">
      <UniqueIdentifier>{2b4efd82-3d90-44ca-ab35-a9269625828f}</UniqueIdentifier>
    </Filter>
  </ItemGroup>
  <ItemGroup>
    <ClInclude Include="script_compiler.h">
      <Filter>Implementation\Engine</Filter>
    </ClInclude>
    <ClInclude Include="script_instance.h">
      <Filter>Implementation\Engine</Filter>
    </ClInclude>
    <ClInclude Include="script_instance_base.h">
      <Filter>Implementation\Engine</Filter>
    </ClInclude>
    <ClInclude Include="script_interpreter.h">
      <Filter>Implementation\Engine</Filter>
    </ClInclude>
    <ClInclude Include="script_language.h">
      <Filter>Implementation\Engine</Filter>
    </ClInclude>
    <ClInclude Include="script_manager.h">
      <Filter>Implementation\Engine</Filter>
    </ClInclude>
    <ClInclude Include="script_object.h">
      <Filter>Implementation\Engine</Filter>
    </ClInclude>
    <ClInclude Include="script_resource.h">
      <Filter>Implementation\Engine</Filter>
    </ClInclude>
    <ClInclude Include="tiny_profiler.h">
      <Filter>Implementation\Utilities</Filter>
    </ClInclude>
    <ClInclude Include="Jenova.hpp" />
    <ClInclude Include="JenovaSDK.h">
      <Filter>Implementation\SDK</Filter>
    </ClInclude>
    <ClInclude Include="asset_monitor.h">
      <Filter>Implementation\Utilities</Filter>
    </ClInclude>
    <ClInclude Include="script_templates.h">
      <Filter>Implementation\Engine</Filter>
    </ClInclude>
    <ClInclude Include="package_manager.h">
      <Filter>Implementation\Utilities</Filter>
    </ClInclude>
    <ClInclude Include="AboutImage.h">
      <Filter>Resources\Storage</Filter>
    </ClInclude>
    <ClInclude Include="BuiltinFonts.h">
      <Filter>Resources\Storage</Filter>
    </ClInclude>
    <ClInclude Include="CodeTemplates.h">
      <Filter>Resources\Storage</Filter>
    </ClInclude>
    <ClInclude Include="TypesIcons.h">
      <Filter>Resources\Storage</Filter>
    </ClInclude>
    <ClInclude Include="Documentation.h">
      <Filter>Resources\Storage</Filter>
    </ClInclude>
    <ClInclude Include="IconDatabase.h">
      <Filter>Resources\Storage</Filter>
    </ClInclude>
    <ClInclude Include="InternalSources.h">
      <Filter>Resources\Storage</Filter>
    </ClInclude>
    <ClInclude Include="JenovaIcon64.h">
      <Filter>Resources\Storage</Filter>
    </ClInclude>
    <ClInclude Include="VisualStudioTemplates.h">
      <Filter>Resources\Storage</Filter>
    </ClInclude>
  </ItemGroup>
  <ItemGroup>
    <ResourceCompile Include="Jenova.Runtime.rc">
      <Filter>Resources</Filter>
    </ResourceCompile>
  </ItemGroup>
  <ItemGroup>
    <None Include="Jenova.Runtime.gdextension">
      <Filter>Misc</Filter>
    </None>
  </ItemGroup>
</Project>